{
  "# Continue to the next step on failure\ncontinue-on-error: true": [
    {
      "file": ".github/workflows/current.yml",
      "lines": [
        89,
        103
      ]
    },
    {
      "file": ".github/workflows/dep-heads.yml",
      "lines": [
        98,
        112
      ]
    },
    {
      "file": ".github/workflows/heads.yml",
      "lines": [
        97,
        111
      ]
    }
  ],
  "# Shared development environment for this gem.\n# Local overrides belong in .env.local (loaded via dotenvy through mise).": [
    {
      "file": "mise.toml",
      "lines": [
        1,
        3
      ]
    }
  ],
  "if: ${{ !env.ACT || (! startsWith(matrix.ruby, 'jruby') && !startsWith(matrix.ruby, 'truffleruby')) }}\nrun: bundle install": [
    {
      "file": ".github/workflows/current.yml",
      "lines": [
        82,
        87
      ]
    },
    {
      "file": ".github/workflows/dep-heads.yml",
      "lines": [
        91,
        96
      ]
    },
    {
      "file": ".github/workflows/heads.yml",
      "lines": [
        90,
        95
      ]
    }
  ]
}
