{
  "#       strategy: merge\n#       file_type: ruby": [
    {
      "file": ".kettle-jem.yml",
      "lines": [
        247,
        417
      ]
    }
  ],
  "#     commit-msg:\n#       strategy: merge": [
    {
      "file": ".kettle-jem.yml",
      "lines": [
        246,
        416
      ]
    }
  ],
  "#     pboling.pem:\n#       strategy: raw_copy": [
    {
      "file": ".kettle-jem.yml",
      "lines": [
        242,
        412
      ]
    }
  ],
  "#     preference: destination\n#     add_template_only_nodes: false": [
    {
      "file": ".kettle-jem.yml",
      "lines": [
        252,
        422
      ]
    }
  ],
  "#     strategy: merge\n#     preference: destination": [
    {
      "file": ".kettle-jem.yml",
      "lines": [
        251,
        421
      ]
    }
  ],
  "#   .git-hooks:\n#     commit-msg:": [
    {
      "file": ".kettle-jem.yml",
      "lines": [
        245,
        415
      ]
    }
  ],
  "#   README.md:\n#     strategy: accept_template": [
    {
      "file": ".kettle-jem.yml",
      "lines": [
        235,
        405
      ]
    }
  ],
  "#   Rakefile:\n#     strategy: merge": [
    {
      "file": ".kettle-jem.yml",
      "lines": [
        250,
        420
      ]
    }
  ],
  "#   SECURITY.md:\n#     strategy: keep_destination": [
    {
      "file": ".kettle-jem.yml",
      "lines": [
        238,
        408
      ]
    }
  ],
  "#   certs:\n#     pboling.pem:": [
    {
      "file": ".kettle-jem.yml",
      "lines": [
        241,
        411
      ]
    }
  ],
  "# files:\n#   README.md:": [
    {
      "file": ".kettle-jem.yml",
      "lines": [
        234,
        404
      ]
    }
  ]
}
