{
  "spec/psych/merge/comment_behavior_matrix_spec.rb:1395538066": [
    [6, 1, 82, "RSpec/SpecFilePathFormat: Spec path should end with `psych/merge/smart_merger*comment_behavior_matrix*_spec.rb`.", 2311803459],
    [6, 43, 25, "RSpec/DescribeMethod: The second argument to describe should be the method being tested. '#instance' or '.class'.", 1921084705],
    [12, 21, 25, "RSpec/DescribedClass: Use `described_class` instead of `Psych::Merge::SmartMerger`.", 3177916799]
  ]
}
